
Microsoft Visual Studio Solution File, Format Version 12.00
# Visual Studio Version 17
VisualStudioVersion = 17.7.34221.43
MinimumVisualStudioVersion = 10.0.40219.1
Project("{9A19103F-16F7-4668-BE54-9A1E7A4F7556}") = "GADemo", "GADemo\GADemo.csproj", "{90659EA1-9D87-424A-92A6-1A1864DD49E7}"
EndProject
Project("{FAE04EC0-301F-11D3-BF4B-00C04F79EFBC}") = "GAForm", "GAForm\GAForm.csproj", "{0A4C20CB-D714-4892-8F5A-6243E83B7A46}"
EndProject
Global
	GlobalSection(SolutionConfigurationPlatforms) = preSolution
		Debug|Any CPU = Debug|Any CPU
		Release|Any CPU = Release|Any CPU
	EndGlobalSection
	GlobalSection(ProjectConfigurationPlatforms) = postSolution
		{90659EA1-9D87-424A-92A6-1A1864DD49E7}.Debug|Any CPU.ActiveCfg = Debug|Any CPU
		{90659EA1-9D87-424A-92A6-1A1864DD49E7}.Debug|Any CPU.Build.0 = Debug|Any CPU
		{90659EA1-9D87-424A-92A6-1A1864DD49E7}.Release|Any CPU.ActiveCfg = Release|Any CPU
		{90659EA1-9D87-424A-92A6-1A1864DD49E7}.Release|Any CPU.Build.0 = Release|Any CPU
		{0A4C20CB-D714-4892-8F5A-6243E83B7A46}.Debug|Any CPU.ActiveCfg = Debug|Any CPU
		{0A4C20CB-D714-4892-8F5A-6243E83B7A46}.Debug|Any CPU.Build.0 = Debug|Any CPU
		{0A4C20CB-D714-4892-8F5A-6243E83B7A46}.Release|Any CPU.ActiveCfg = Release|Any CPU
		{0A4C20CB-D714-4892-8F5A-6243E83B7A46}.Release|Any CPU.Build.0 = Release|Any CPU
	EndGlobalSection
	GlobalSection(SolutionProperties) = preSolution
		HideSolutionNode = FALSE
	EndGlobalSection
	GlobalSection(ExtensibilityGlobals) = postSolution
		SolutionGuid = {7A422AB6-EE0D-4909-9140-DEBDAAE2EC15}
	EndGlobalSection
EndGlobal
